
Microsoft Visual Studio Solution File, Format Version 12.00
# Visual Studio 15
VisualStudioVersion = 15.0.28307.572
MinimumVisualStudioVersion = 10.0.40219.1
Project("{9092AA53-FB77-4645-B42D-1CCCA6BD08BD}") = "TwitchBotNewAPI", "TwitchBotNewAPI\TwitchBotNewAPI.njsproj", "{D93BEFEA-9FA0-46B9-A86C-6B8C855965BA}"
EndProject
Global
	GlobalSection(SolutionConfigurationPlatforms) = preSolution
		Debug|Any CPU = Debug|Any CPU
		Release|Any CPU = Release|Any CPU
	EndGlobalSection
	GlobalSection(ProjectConfigurationPlatforms) = postSolution
		{D93BEFEA-9FA0-46B9-A86C-6B8C855965BA}.Debug|Any CPU.ActiveCfg = Debug|Any CPU
		{D93BEFEA-9FA0-46B9-A86C-6B8C855965BA}.Debug|Any CPU.Build.0 = Debug|Any CPU
		{D93BEFEA-9FA0-46B9-A86C-6B8C855965BA}.Release|Any CPU.ActiveCfg = Release|Any CPU
		{D93BEFEA-9FA0-46B9-A86C-6B8C855965BA}.Release|Any CPU.Build.0 = Release|Any CPU
	EndGlobalSection
	GlobalSection(SolutionProperties) = preSolution
		HideSolutionNode = FALSE
	EndGlobalSection
	GlobalSection(ExtensibilityGlobals) = postSolution
		SolutionGuid = {711CB5EB-6E6A-493B-AF37-5CF73AEC3EC1}
	EndGlobalSection
EndGlobal
